
Microsoft Visual Studio Solution File, Format Version 12.00
# Visual Studio 15
VisualStudioVersion = 15.0.28307.329
MinimumVisualStudioVersion = 10.0.40219.1
Project("{FAE04EC0-301F-11D3-BF4B-00C04F79EFBC}") = "SSDI_Project", "SSDI_Project\SSDI_Project.csproj", "{3E429741-4BF0-4543-A373-1D27E3D84030}"
EndProject
Global
	GlobalSection(SolutionConfigurationPlatforms) = preSolution
		Debug|Any CPU = Debug|Any CPU
		Release|Any CPU = Release|Any CPU
	EndGlobalSection
	GlobalSection(ProjectConfigurationPlatforms) = postSolution
		{3E429741-4BF0-4543-A373-1D27E3D84030}.Debug|Any CPU.ActiveCfg = Debug|Any CPU
		{3E429741-4BF0-4543-A373-1D27E3D84030}.Debug|Any CPU.Build.0 = Debug|Any CPU
		{3E429741-4BF0-4543-A373-1D27E3D84030}.Release|Any CPU.ActiveCfg = Release|Any CPU
		{3E429741-4BF0-4543-A373-1D27E3D84030}.Release|Any CPU.Build.0 = Release|Any CPU
	EndGlobalSection
	GlobalSection(SolutionProperties) = preSolution
		HideSolutionNode = FALSE
	EndGlobalSection
	GlobalSection(ExtensibilityGlobals) = postSolution
		SolutionGuid = {A858DD55-E22E-465A-9C19-9C2DDA391AA1}
	EndGlobalSection
EndGlobal
